// !$*UTF8*$!
{
	archiveVersion = 1;
	classes = {
	};
	objectVersion = 56;
	objects = {

/* Begin PBXBuildFile section */
		2793E98D2A0DB70F00A3AAEA /* ShaRecipeApp.swift in Sources */ = {isa = PBXBuildFile; fileRef = 2793E98C2A0DB70F00A3AAEA /* ShaRecipeApp.swift */; };
		2793E98F2A0DB70F00A3AAEA /* ContentView.swift in Sources */ = {isa = PBXBuildFile; fileRef = 2793E98E2A0DB70F00A3AAEA /* ContentView.swift */; };
		2793E9912A0DB71300A3AAEA /* Assets.xcassets in Resources */ = {isa = PBXBuildFile; fileRef = 2793E9902A0DB71300A3AAEA /* Assets.xcassets */; };
		2793E9942A0DB71300A3AAEA /* Preview Assets.xcassets in Resources */ = {isa = PBXBuildFile; fileRef = 2793E9932A0DB71300A3AAEA /* Preview Assets.xcassets */; };
		2793E9C02A0E21B200A3AAEA /* CuratedRecipeView.swift in Sources */ = {isa = PBXBuildFile; fileRef = 2793E9BF2A0E21B200A3AAEA /* CuratedRecipeView.swift */; };
		2793E9C22A0E21BD00A3AAEA /* AddRecipeView.swift in Sources */ = {isa = PBXBuildFile; fileRef = 2793E9C12A0E21BD00A3AAEA /* AddRecipeView.swift */; };
		2793E9C42A0E21D400A3AAEA /* ShareableRecipeView.swift in Sources */ = {isa = PBXBuildFile; fileRef = 2793E9C32A0E21D400A3AAEA /* ShareableRecipeView.swift */; };
		2793E9C62A0E230000A3AAEA /* NavBar.swift in Sources */ = {isa = PBXBuildFile; fileRef = 2793E9C52A0E230000A3AAEA /* NavBar.swift */; };
		2793E9C82A0E249C00A3AAEA /* CurratedRecipe.swift in Sources */ = {isa = PBXBuildFile; fileRef = 2793E9C72A0E249C00A3AAEA /* CurratedRecipe.swift */; };
		2793E9CA2A0E271200A3AAEA /* Category.swift in Sources */ = {isa = PBXBuildFile; fileRef = 2793E9C92A0E271200A3AAEA /* Category.swift */; };
		2793E9CD2A0E285200A3AAEA /* RecipeController.swift in Sources */ = {isa = PBXBuildFile; fileRef = 2793E9CC2A0E285200A3AAEA /* RecipeController.swift */; };
		2793E9CF2A0E2BD000A3AAEA /* RecipeItemCard.swift in Sources */ = {isa = PBXBuildFile; fileRef = 2793E9CE2A0E2BD000A3AAEA /* RecipeItemCard.swift */; };
		2793E9D12A0E2F8300A3AAEA /* RecipeItems.swift in Sources */ = {isa = PBXBuildFile; fileRef = 2793E9D02A0E2F8300A3AAEA /* RecipeItems.swift */; };
		2793E9D32A0E31B300A3AAEA /* RecipeView.swift in Sources */ = {isa = PBXBuildFile; fileRef = 2793E9D22A0E31B300A3AAEA /* RecipeView.swift */; };
		2793E9D52A0E353600A3AAEA /* ShaRecipeService.swift in Sources */ = {isa = PBXBuildFile; fileRef = 2793E9D42A0E353600A3AAEA /* ShaRecipeService.swift */; };
		2793E9D72A0EF23800A3AAEA /* AddRecipeForm.swift in Sources */ = {isa = PBXBuildFile; fileRef = 2793E9D62A0EF23800A3AAEA /* AddRecipeForm.swift */; };
		2793E9D92A0F03FB00A3AAEA /* ShareableRecipe.swift in Sources */ = {isa = PBXBuildFile; fileRef = 2793E9D82A0F03FB00A3AAEA /* ShareableRecipe.swift */; };
		2793E9DD2A0F06D000A3AAEA /* ShaRecipeView.swift in Sources */ = {isa = PBXBuildFile; fileRef = 2793E9DC2A0F06D000A3AAEA /* ShaRecipeView.swift */; };
		2793E9DF2A0F0A4300A3AAEA /* ShaRecipeItemCard.swift in Sources */ = {isa = PBXBuildFile; fileRef = 2793E9DE2A0F0A4300A3AAEA /* ShaRecipeItemCard.swift */; };
		2793E9E12A0F0AF900A3AAEA /* ShaRecipeItems.swift in Sources */ = {isa = PBXBuildFile; fileRef = 2793E9E02A0F0AF900A3AAEA /* ShaRecipeItems.swift */; };
/* End PBXBuildFile section */

/* Begin PBXFileReference section */
		2793E9892A0DB70F00A3AAEA /* ShaRecipe.app */ = {isa = PBXFileReference; explicitFileType = wrapper.application; includeInIndex = 0; path = ShaRecipe.app; sourceTree = BUILT_PRODUCTS_DIR; };
		2793E98C2A0DB70F00A3AAEA /* ShaRecipeApp.swift */ = {isa = PBXFileReference; lastKnownFileType = sourcecode.swift; path = ShaRecipeApp.swift; sourceTree = "<group>"; };
		2793E98E2A0DB70F00A3AAEA /* ContentView.swift */ = {isa = PBXFileReference; lastKnownFileType = sourcecode.swift; path = ContentView.swift; sourceTree = "<group>"; };
		2793E9902A0DB71300A3AAEA /* Assets.xcassets */ = {isa = PBXFileReference; lastKnownFileType = folder.assetcatalog; path = Assets.xcassets; sourceTree = "<group>"; };
		2793E9932A0DB71300A3AAEA /* Preview Assets.xcassets */ = {isa = PBXFileReference; lastKnownFileType = folder.assetcatalog; path = "Preview Assets.xcassets"; sourceTree = "<group>"; };
		2793E9BF2A0E21B200A3AAEA /* CuratedRecipeView.swift */ = {isa = PBXFileReference; lastKnownFileType = sourcecode.swift; path = CuratedRecipeView.swift; sourceTree = "<group>"; };
		2793E9C12A0E21BD00A3AAEA /* AddRecipeView.swift */ = {isa = PBXFileReference; lastKnownFileType = sourcecode.swift; path = AddRecipeView.swift; sourceTree = "<group>"; };
		2793E9C32A0E21D400A3AAEA /* ShareableRecipeView.swift */ = {isa = PBXFileReference; lastKnownFileType = sourcecode.swift; path = ShareableRecipeView.swift; sourceTree = "<group>"; };
		2793E9C52A0E230000A3AAEA /* NavBar.swift */ = {isa = PBXFileReference; lastKnownFileType = sourcecode.swift; path = NavBar.swift; sourceTree = "<group>"; };
		2793E9C72A0E249C00A3AAEA /* CurratedRecipe.swift */ = {isa = PBXFileReference; lastKnownFileType = sourcecode.swift; path = CurratedRecipe.swift; sourceTree = "<group>"; };
		2793E9C92A0E271200A3AAEA /* Category.swift */ = {isa = PBXFileReference; lastKnownFileType = sourcecode.swift; path = Category.swift; sourceTree = "<group>"; };
		2793E9CC2A0E285200A3AAEA /* RecipeController.swift */ = {isa = PBXFileReference; lastKnownFileType = sourcecode.swift; path = RecipeController.swift; sourceTree = "<group>"; };
		2793E9CE2A0E2BD000A3AAEA /* RecipeItemCard.swift */ = {isa = PBXFileReference; lastKnownFileType = sourcecode.swift; path = RecipeItemCard.swift; sourceTree = "<group>"; };
		2793E9D02A0E2F8300A3AAEA /* RecipeItems.swift */ = {isa = PBXFileReference; lastKnownFileType = sourcecode.swift; path = RecipeItems.swift; sourceTree = "<group>"; };
		2793E9D22A0E31B300A3AAEA /* RecipeView.swift */ = {isa = PBXFileReference; lastKnownFileType = sourcecode.swift; path = RecipeView.swift; sourceTree = "<group>"; };
		2793E9D42A0E353600A3AAEA /* ShaRecipeService.swift */ = {isa = PBXFileReference; lastKnownFileType = sourcecode.swift; path = ShaRecipeService.swift; sourceTree = "<group>"; };
		2793E9D62A0EF23800A3AAEA /* AddRecipeForm.swift */ = {isa = PBXFileReference; lastKnownFileType = sourcecode.swift; path = AddRecipeForm.swift; sourceTree = "<group>"; };
		2793E9D82A0F03FB00A3AAEA /* ShareableRecipe.swift */ = {isa = PBXFileReference; lastKnownFileType = sourcecode.swift; path = ShareableRecipe.swift; sourceTree = "<group>"; };
		2793E9DC2A0F06D000A3AAEA /* ShaRecipeView.swift */ = {isa = PBXFileReference; lastKnownFileType = sourcecode.swift; path = ShaRecipeView.swift; sourceTree = "<group>"; };
		2793E9DE2A0F0A4300A3AAEA /* ShaRecipeItemCard.swift */ = {isa = PBXFileReference; lastKnownFileType = sourcecode.swift; path = ShaRecipeItemCard.swift; sourceTree = "<group>"; };
		2793E9E02A0F0AF900A3AAEA /* ShaRecipeItems.swift */ = {isa = PBXFileReference; lastKnownFileType = sourcecode.swift; path = ShaRecipeItems.swift; sourceTree = "<group>"; };
/* End PBXFileReference section */

/* Begin PBXFrameworksBuildPhase section */
		2793E9862A0DB70F00A3AAEA /* Frameworks */ = {
			isa = PBXFrameworksBuildPhase;
			buildActionMask = 2147483647;
			files = (
			);
			runOnlyForDeploymentPostprocessing = 0;
		};
/* End PBXFrameworksBuildPhase section */

/* Begin PBXGroup section */
		2793E9802A0DB70F00A3AAEA = {
			isa = PBXGroup;
			children = (
				2793E98B2A0DB70F00A3AAEA /* ShaRecipe */,
				2793E98A2A0DB70F00A3AAEA /* Products */,
			);
			sourceTree = "<group>";
		};
		2793E98A2A0DB70F00A3AAEA /* Products */ = {
			isa = PBXGroup;
			children = (
				2793E9892A0DB70F00A3AAEA /* ShaRecipe.app */,
			);
			name = Products;
			sourceTree = "<group>";
		};
		2793E98B2A0DB70F00A3AAEA /* ShaRecipe */ = {
			isa = PBXGroup;
			children = (
				2793E9CB2A0E283E00A3AAEA /* Controller */,
				2793E9BA2A0E211700A3AAEA /* View */,
				2793E9B92A0E210500A3AAEA /* Model */,
				2793E98C2A0DB70F00A3AAEA /* ShaRecipeApp.swift */,
				2793E9902A0DB71300A3AAEA /* Assets.xcassets */,
				2793E9922A0DB71300A3AAEA /* Preview Content */,
			);
			path = ShaRecipe;
			sourceTree = "<group>";
		};
		2793E9922A0DB71300A3AAEA /* Preview Content */ = {
			isa = PBXGroup;
			children = (
				2793E9932A0DB71300A3AAEA /* Preview Assets.xcassets */,
			);
			path = "Preview Content";
			sourceTree = "<group>";
		};
		2793E9B92A0E210500A3AAEA /* Model */ = {
			isa = PBXGroup;
			children = (
				2793E9C72A0E249C00A3AAEA /* CurratedRecipe.swift */,
				2793E9D82A0F03FB00A3AAEA /* ShareableRecipe.swift */,
				2793E9C92A0E271200A3AAEA /* Category.swift */,
				2793E9D42A0E353600A3AAEA /* ShaRecipeService.swift */,
			);
			path = Model;
			sourceTree = "<group>";
		};
		2793E9BA2A0E211700A3AAEA /* View */ = {
			isa = PBXGroup;
			children = (
				2793E9BB2A0E212000A3AAEA /* Main */,
				2793E9BC2A0E212500A3AAEA /* Component */,
			);
			path = View;
			sourceTree = "<group>";
		};
		2793E9BB2A0E212000A3AAEA /* Main */ = {
			isa = PBXGroup;
			children = (
				2793E98E2A0DB70F00A3AAEA /* ContentView.swift */,
				2793E9BF2A0E21B200A3AAEA /* CuratedRecipeView.swift */,
				2793E9C12A0E21BD00A3AAEA /* AddRecipeView.swift */,
				2793E9C32A0E21D400A3AAEA /* ShareableRecipeView.swift */,
			);
			path = Main;
			sourceTree = "<group>";
		};
		2793E9BC2A0E212500A3AAEA /* Component */ = {
			isa = PBXGroup;
			children = (
				2793E9C52A0E230000A3AAEA /* NavBar.swift */,
				2793E9CE2A0E2BD000A3AAEA /* RecipeItemCard.swift */,
				2793E9DE2A0F0A4300A3AAEA /* ShaRecipeItemCard.swift */,
				2793E9D02A0E2F8300A3AAEA /* RecipeItems.swift */,
				2793E9E02A0F0AF900A3AAEA /* ShaRecipeItems.swift */,
				2793E9D22A0E31B300A3AAEA /* RecipeView.swift */,
				2793E9DC2A0F06D000A3AAEA /* ShaRecipeView.swift */,
				2793E9D62A0EF23800A3AAEA /* AddRecipeForm.swift */,
			);
			path = Component;
			sourceTree = "<group>";
		};
		2793E9CB2A0E283E00A3AAEA /* Controller */ = {
			isa = PBXGroup;
			children = (
				2793E9CC2A0E285200A3AAEA /* RecipeController.swift */,
			);
			path = Controller;
			sourceTree = "<group>";
		};
/* End PBXGroup section */

/* Begin PBXNativeTarget section */
		2793E9882A0DB70F00A3AAEA /* ShaRecipe */ = {
			isa = PBXNativeTarget;
			buildConfigurationList = 2793E9972A0DB71300A3AAEA /* Build configuration list for PBXNativeTarget "ShaRecipe" */;
			buildPhases = (
				2793E9852A0DB70F00A3AAEA /* Sources */,
				2793E9862A0DB70F00A3AAEA /* Frameworks */,
				2793E9872A0DB70F00A3AAEA /* Resources */,
			);
			buildRules = (
			);
			dependencies = (
			);
			name = ShaRecipe;
			productName = ShaRecipe;
			productReference = 2793E9892A0DB70F00A3AAEA /* ShaRecipe.app */;
			productType = "com.apple.product-type.application";
		};
/* End PBXNativeTarget section */

/* Begin PBXProject section */
		2793E9812A0DB70F00A3AAEA /* Project object */ = {
			isa = PBXProject;
			attributes = {
				BuildIndependentTargetsInParallel = 1;
				LastSwiftUpdateCheck = 1420;
				LastUpgradeCheck = 1420;
				TargetAttributes = {
					2793E9882A0DB70F00A3AAEA = {
						CreatedOnToolsVersion = 14.2;
					};
				};
			};
			buildConfigurationList = 2793E9842A0DB70F00A3AAEA /* Build configuration list for PBXProject "ShaRecipe" */;
			compatibilityVersion = "Xcode 14.0";
			developmentRegion = en;
			hasScannedForEncodings = 0;
			knownRegions = (
				en,
				Base,
			);
			mainGroup = 2793E9802A0DB70F00A3AAEA;
			productRefGroup = 2793E98A2A0DB70F00A3AAEA /* Products */;
			projectDirPath = "";
			projectRoot = "";
			targets = (
				2793E9882A0DB70F00A3AAEA /* ShaRecipe */,
			);
		};
/* End PBXProject section */

/* Begin PBXResourcesBuildPhase section */
		2793E9872A0DB70F00A3AAEA /* Resources */ = {
			isa = PBXResourcesBuildPhase;
			buildActionMask = 2147483647;
			files = (
				2793E9942A0DB71300A3AAEA /* Preview Assets.xcassets in Resources */,
				2793E9912A0DB71300A3AAEA /* Assets.xcassets in Resources */,
			);
			runOnlyForDeploymentPostprocessing = 0;
		};
/* End PBXResourcesBuildPhase section */

/* Begin PBXSourcesBuildPhase section */
		2793E9852A0DB70F00A3AAEA /* Sources */ = {
			isa = PBXSourcesBuildPhase;
			buildActionMask = 2147483647;
			files = (
				2793E9C02A0E21B200A3AAEA /* CuratedRecipeView.swift in Sources */,
				2793E9C82A0E249C00A3AAEA /* CurratedRecipe.swift in Sources */,
				2793E98F2A0DB70F00A3AAEA /* ContentView.swift in Sources */,
				2793E98D2A0DB70F00A3AAEA /* ShaRecipeApp.swift in Sources */,
				2793E9C42A0E21D400A3AAEA /* ShareableRecipeView.swift in Sources */,
				2793E9CD2A0E285200A3AAEA /* RecipeController.swift in Sources */,
				2793E9D32A0E31B300A3AAEA /* RecipeView.swift in Sources */,
				2793E9E12A0F0AF900A3AAEA /* ShaRecipeItems.swift in Sources */,
				2793E9CF2A0E2BD000A3AAEA /* RecipeItemCard.swift in Sources */,
				2793E9D52A0E353600A3AAEA /* ShaRecipeService.swift in Sources */,
				2793E9C22A0E21BD00A3AAEA /* AddRecipeView.swift in Sources */,
				2793E9C62A0E230000A3AAEA /* NavBar.swift in Sources */,
				2793E9D72A0EF23800A3AAEA /* AddRecipeForm.swift in Sources */,
				2793E9CA2A0E271200A3AAEA /* Category.swift in Sources */,
				2793E9DD2A0F06D000A3AAEA /* ShaRecipeView.swift in Sources */,
				2793E9DF2A0F0A4300A3AAEA /* ShaRecipeItemCard.swift in Sources */,
				2793E9D92A0F03FB00A3AAEA /* ShareableRecipe.swift in Sources */,
				2793E9D12A0E2F8300A3AAEA /* RecipeItems.swift in Sources */,
			);
			runOnlyForDeploymentPostprocessing = 0;
		};
/* End PBXSourcesBuildPhase section */

/* Begin XCBuildConfiguration section */
		2793E9952A0DB71300A3AAEA /* Debug */ = {
			isa = XCBuildConfiguration;
			buildSettings = {
				ALWAYS_SEARCH_USER_PATHS = NO;
				CLANG_ANALYZER_NONNULL = YES;
				CLANG_ANALYZER_NUMBER_OBJECT_CONVERSION = YES_AGGRESSIVE;
				CLANG_CXX_LANGUAGE_STANDARD = "gnu++20";
				CLANG_ENABLE_MODULES = YES;
				CLANG_ENABLE_OBJC_ARC = YES;
				CLANG_ENABLE_OBJC_WEAK = YES;
				CLANG_WARN_BLOCK_CAPTURE_AUTORELEASING = YES;
				CLANG_WARN_BOOL_CONVERSION = YES;
				CLANG_WARN_COMMA = YES;
				CLANG_WARN_CONSTANT_CONVERSION = YES;
				CLANG_WARN_DEPRECATED_OBJC_IMPLEMENTATIONS = YES;
				CLANG_WARN_DIRECT_OBJC_ISA_USAGE = YES_ERROR;
				CLANG_WARN_DOCUMENTATION_COMMENTS = YES;
				CLANG_WARN_EMPTY_BODY = YES;
				CLANG_WARN_ENUM_CONVERSION = YES;
				CLANG_WARN_INFINITE_RECURSION = YES;
				CLANG_WARN_INT_CONVERSION = YES;
				CLANG_WARN_NON_LITERAL_NULL_CONVERSION = YES;
				CLANG_WARN_OBJC_IMPLICIT_RETAIN_SELF = YES;
				CLANG_WARN_OBJC_LITERAL_CONVERSION = YES;
				CLANG_WARN_OBJC_ROOT_CLASS = YES_ERROR;
				CLANG_WARN_QUOTED_INCLUDE_IN_FRAMEWORK_HEADER = YES;
				CLANG_WARN_RANGE_LOOP_ANALYSIS = YES;
				CLANG_WARN_STRICT_PROTOTYPES = YES;
				CLANG_WARN_SUSPICIOUS_MOVE = YES;
				CLANG_WARN_UNGUARDED_AVAILABILITY = YES_AGGRESSIVE;
				CLANG_WARN_UNREACHABLE_CODE = YES;
				CLANG_WARN__DUPLICATE_METHOD_MATCH = YES;
				COPY_PHASE_STRIP = NO;
				DEBUG_INFORMATION_FORMAT = dwarf;
				ENABLE_STRICT_OBJC_MSGSEND = YES;
				ENABLE_TESTABILITY = YES;
				GCC_C_LANGUAGE_STANDARD = gnu11;
				GCC_DYNAMIC_NO_PIC = NO;
				GCC_NO_COMMON_BLOCKS = YES;
				GCC_OPTIMIZATION_LEVEL = 0;
				GCC_PREPROCESSOR_DEFINITIONS = (
					"DEBUG=1",
					"$(inherited)",
				);
				GCC_WARN_64_TO_32_BIT_CONVERSION = YES;
				GCC_WARN_ABOUT_RETURN_TYPE = YES_ERROR;
				GCC_WARN_UNDECLARED_SELECTOR = YES;
				GCC_WARN_UNINITIALIZED_AUTOS = YES_AGGRESSIVE;
				GCC_WARN_UNUSED_FUNCTION = YES;
				GCC_WARN_UNUSED_VARIABLE = YES;
				IPHONEOS_DEPLOYMENT_TARGET = 16.2;
				MTL_ENABLE_DEBUG_INFO = INCLUDE_SOURCE;
				MTL_FAST_MATH = YES;
				ONLY_ACTIVE_ARCH = YES;
				SDKROOT = iphoneos;
				SWIFT_ACTIVE_COMPILATION_CONDITIONS = DEBUG;
				SWIFT_OPTIMIZATION_LEVEL = "-Onone";
			};
			name = Debug;
		};
		2793E9962A0DB71300A3AAEA /* Release */ = {
			isa = XCBuildConfiguration;
			buildSettings = {
				ALWAYS_SEARCH_USER_PATHS = NO;
				CLANG_ANALYZER_NONNULL = YES;
				CLANG_ANALYZER_NUMBER_OBJECT_CONVERSION = YES_AGGRESSIVE;
				CLANG_CXX_LANGUAGE_STANDARD = "gnu++20";
				CLANG_ENABLE_MODULES = YES;
				CLANG_ENABLE_OBJC_ARC = YES;
				CLANG_ENABLE_OBJC_WEAK = YES;
				CLANG_WARN_BLOCK_CAPTURE_AUTORELEASING = YES;
				CLANG_WARN_BOOL_CONVERSION = YES;
				CLANG_WARN_COMMA = YES;
				CLANG_WARN_CONSTANT_CONVERSION = YES;
				CLANG_WARN_DEPRECATED_OBJC_IMPLEMENTATIONS = YES;
				CLANG_WARN_DIRECT_OBJC_ISA_USAGE = YES_ERROR;
				CLANG_WARN_DOCUMENTATION_COMMENTS = YES;
				CLANG_WARN_EMPTY_BODY = YES;
				CLANG_WARN_ENUM_CONVERSION = YES;
				CLANG_WARN_INFINITE_RECURSION = YES;
				CLANG_WARN_INT_CONVERSION = YES;
				CLANG_WARN_NON_LITERAL_NULL_CONVERSION = YES;
				CLANG_WARN_OBJC_IMPLICIT_RETAIN_SELF = YES;
				CLANG_WARN_OBJC_LITERAL_CONVERSION = YES;
				CLANG_WARN_OBJC_ROOT_CLASS = YES_ERROR;
				CLANG_WARN_QUOTED_INCLUDE_IN_FRAMEWORK_HEADER = YES;
				CLANG_WARN_RANGE_LOOP_ANALYSIS = YES;
				CLANG_WARN_STRICT_PROTOTYPES = YES;
				CLANG_WARN_SUSPICIOUS_MOVE = YES;
				CLANG_WARN_UNGUARDED_AVAILABILITY = YES_AGGRESSIVE;
				CLANG_WARN_UNREACHABLE_CODE = YES;
				CLANG_WARN__DUPLICATE_METHOD_MATCH = YES;
				COPY_PHASE_STRIP = NO;
				DEBUG_INFORMATION_FORMAT = "dwarf-with-dsym";
				ENABLE_NS_ASSERTIONS = NO;
				ENABLE_STRICT_OBJC_MSGSEND = YES;
				GCC_C_LANGUAGE_STANDARD = gnu11;
				GCC_NO_COMMON_BLOCKS = YES;
				GCC_WARN_64_TO_32_BIT_CONVERSION = YES;
				GCC_WARN_ABOUT_RETURN_TYPE = YES_ERROR;
				GCC_WARN_UNDECLARED_SELECTOR = YES;
				GCC_WARN_UNINITIALIZED_AUTOS = YES_AGGRESSIVE;
				GCC_WARN_UNUSED_FUNCTION = YES;
				GCC_WARN_UNUSED_VARIABLE = YES;
				IPHONEOS_DEPLOYMENT_TARGET = 16.2;
				MTL_ENABLE_DEBUG_INFO = NO;
				MTL_FAST_MATH = YES;
				SDKROOT = iphoneos;
				SWIFT_COMPILATION_MODE = wholemodule;
				SWIFT_OPTIMIZATION_LEVEL = "-O";
				VALIDATE_PRODUCT = YES;
			};
			name = Release;
		};
		2793E9982A0DB71300A3AAEA /* Debug */ = {
			isa = XCBuildConfiguration;
			buildSettings = {
				ASSETCATALOG_COMPILER_APPICON_NAME = AppIcon;
				ASSETCATALOG_COMPILER_GLOBAL_ACCENT_COLOR_NAME = AccentColor;
				CODE_SIGN_STYLE = Automatic;
				CURRENT_PROJECT_VERSION = 1;
				DEVELOPMENT_ASSET_PATHS = "\"ShaRecipe/Preview Content\"";
				ENABLE_PREVIEWS = YES;
				GENERATE_INFOPLIST_FILE = YES;
				INFOPLIST_KEY_UIApplicationSceneManifest_Generation = YES;
				INFOPLIST_KEY_UIApplicationSupportsIndirectInputEvents = YES;
				INFOPLIST_KEY_UILaunchScreen_Generation = YES;
				INFOPLIST_KEY_UISupportedInterfaceOrientations_iPad = "UIInterfaceOrientationPortrait UIInterfaceOrientationPortraitUpsideDown UIInterfaceOrientationLandscapeLeft UIInterfaceOrientationLandscapeRight";
				INFOPLIST_KEY_UISupportedInterfaceOrientations_iPhone = "UIInterfaceOrientationPortrait UIInterfaceOrientationLandscapeLeft UIInterfaceOrientationLandscapeRight";
				LD_RUNPATH_SEARCH_PATHS = (
					"$(inherited)",
					"@executable_path/Frameworks",
				);
				MARKETING_VERSION = 1.0;
				PRODUCT_BUNDLE_IDENTIFIER = au.edu.uts.ShaRecipe;
				PRODUCT_NAME = "$(TARGET_NAME)";
				SWIFT_EMIT_LOC_STRINGS = YES;
				SWIFT_VERSION = 5.0;
				TARGETED_DEVICE_FAMILY = "1,2";
			};
			name = Debug;
		};
		2793E9992A0DB71300A3AAEA /* Release */ = {
			isa = XCBuildConfiguration;
			buildSettings = {
				ASSETCATALOG_COMPILER_APPICON_NAME = AppIcon;
				ASSETCATALOG_COMPILER_GLOBAL_ACCENT_COLOR_NAME = AccentColor;
				CODE_SIGN_STYLE = Automatic;
				CURRENT_PROJECT_VERSION = 1;
				DEVELOPMENT_ASSET_PATHS = "\"ShaRecipe/Preview Content\"";
				ENABLE_PREVIEWS = YES;
				GENERATE_INFOPLIST_FILE = YES;
				INFOPLIST_KEY_UIApplicationSceneManifest_Generation = YES;
				INFOPLIST_KEY_UIApplicationSupportsIndirectInputEvents = YES;
				INFOPLIST_KEY_UILaunchScreen_Generation = YES;
				INFOPLIST_KEY_UISupportedInterfaceOrientations_iPad = "UIInterfaceOrientationPortrait UIInterfaceOrientationPortraitUpsideDown UIInterfaceOrientationLandscapeLeft UIInterfaceOrientationLandscapeRight";
				INFOPLIST_KEY_UISupportedInterfaceOrientations_iPhone = "UIInterfaceOrientationPortrait UIInterfaceOrientationLandscapeLeft UIInterfaceOrientationLandscapeRight";
				LD_RUNPATH_SEARCH_PATHS = (
					"$(inherited)",
					"@executable_path/Frameworks",
				);
				MARKETING_VERSION = 1.0;
				PRODUCT_BUNDLE_IDENTIFIER = au.edu.uts.ShaRecipe;
				PRODUCT_NAME = "$(TARGET_NAME)";
				SWIFT_EMIT_LOC_STRINGS = YES;
				SWIFT_VERSION = 5.0;
				TARGETED_DEVICE_FAMILY = "1,2";
			};
			name = Release;
		};
/* End XCBuildConfiguration section */

/* Begin XCConfigurationList section */
		2793E9842A0DB70F00A3AAEA /* Build configuration list for PBXProject "ShaRecipe" */ = {
			isa = XCConfigurationList;
			buildConfigurations = (
				2793E9952A0DB71300A3AAEA /* Debug */,
				2793E9962A0DB71300A3AAEA /* Release */,
			);
			defaultConfigurationIsVisible = 0;
			defaultConfigurationName = Release;
		};
		2793E9972A0DB71300A3AAEA /* Build configuration list for PBXNativeTarget "ShaRecipe" */ = {
			isa = XCConfigurationList;
			buildConfigurations = (
				2793E9982A0DB71300A3AAEA /* Debug */,
				2793E9992A0DB71300A3AAEA /* Release */,
			);
			defaultConfigurationIsVisible = 0;
			defaultConfigurationName = Release;
		};
/* End XCConfigurationList section */
	};
	rootObject = 2793E9812A0DB70F00A3AAEA /* Project object */;
}
